{
  "requires": true,
  "lockfileVersion": 1,
  "dependencies": {
    "jquery": {
      "version": "3.3.1",
      "resolved": "https://registry.npmjs.org/jquery/-/jquery-3.3.1.tgz",
      "integrity": "sha512-Ubldcmxp5np52/ENotGxlLe6aGMvmF4R8S6tZjsP6Knsaxd/xp3Zrh50cG93lR6nPXyUFwzN3ZSOQI0wRJNdGg=="
    },
    "jquery.terminal": {
      "version": "1.15.0",
      "resolved": "https://registry.npmjs.org/jquery.terminal/-/jquery.terminal-1.15.0.tgz",
      "integrity": "sha512-2iNWqm6/rju6sKcGXDpDpoHQZ27Wr7Ef4tnvJmWktkwJTjyjp1oZVgut7oaH8wGObF7mLkJ6CzjKCy0VjD3SCA==",
      "requires": {
        "jquery": "3.3.1"
      }
    }
  }
}
